// !$*UTF8*$!
{
	archiveVersion = 1;
	classes = {
	};
	objectVersion = 56;
	objects = {

/* Begin PBXBuildFile section */
		026BC5D729C35CFD0077E240 /* NYCSchoolsApp.swift in Sources */ = {isa = PBXBuildFile; fileRef = 026BC5D629C35CFD0077E240 /* NYCSchoolsApp.swift */; };
		026BC5DB29C35CFF0077E240 /* Assets.xcassets in Resources */ = {isa = PBXBuildFile; fileRef = 026BC5DA29C35CFF0077E240 /* Assets.xcassets */; };
		026BC5DE29C35CFF0077E240 /* Preview Assets.xcassets in Resources */ = {isa = PBXBuildFile; fileRef = 026BC5DD29C35CFF0077E240 /* Preview Assets.xcassets */; };
		026BC60129C35DD20077E240 /* ApplicationController.swift in Sources */ = {isa = PBXBuildFile; fileRef = 026BC60029C35DD20077E240 /* ApplicationController.swift */; };
		026BC60329C35DE10077E240 /* NavigationContainerView.swift in Sources */ = {isa = PBXBuildFile; fileRef = 026BC60229C35DE10077E240 /* NavigationContainerView.swift */; };
		02888E1729C38D0500F4289A /* Box.swift in Sources */ = {isa = PBXBuildFile; fileRef = 02888E1529C38D0500F4289A /* Box.swift */; };
		02888E1829C38D0500F4289A /* LoadingView.swift in Sources */ = {isa = PBXBuildFile; fileRef = 02888E1629C38D0500F4289A /* LoadingView.swift */; };
		02888E1D29C38D1600F4289A /* NetworkManager.swift in Sources */ = {isa = PBXBuildFile; fileRef = 02888E1A29C38D1600F4289A /* NetworkManager.swift */; };
		02888E1E29C38D1600F4289A /* NYCSAT.swift in Sources */ = {isa = PBXBuildFile; fileRef = 02888E1B29C38D1600F4289A /* NYCSAT.swift */; };
		02888E1F29C38D1600F4289A /* NYCSchool.swift in Sources */ = {isa = PBXBuildFile; fileRef = 02888E1C29C38D1600F4289A /* NYCSchool.swift */; };
		02888E2529C38D1F00F4289A /* FlippableCardView.swift in Sources */ = {isa = PBXBuildFile; fileRef = 02888E2129C38D1F00F4289A /* FlippableCardView.swift */; };
		02888E2629C38D1F00F4289A /* DetailCardBack.swift in Sources */ = {isa = PBXBuildFile; fileRef = 02888E2229C38D1F00F4289A /* DetailCardBack.swift */; };
		02888E2729C38D1F00F4289A /* DetailCardFront.swift in Sources */ = {isa = PBXBuildFile; fileRef = 02888E2329C38D1F00F4289A /* DetailCardFront.swift */; };
		02888E2829C38D1F00F4289A /* SATScoresView.swift in Sources */ = {isa = PBXBuildFile; fileRef = 02888E2429C38D1F00F4289A /* SATScoresView.swift */; };
		02888E2D29C38D2800F4289A /* SchoolListViewModel.swift in Sources */ = {isa = PBXBuildFile; fileRef = 02888E2A29C38D2800F4289A /* SchoolListViewModel.swift */; };
		02888E2E29C38D2800F4289A /* SchoolCellView.swift in Sources */ = {isa = PBXBuildFile; fileRef = 02888E2B29C38D2800F4289A /* SchoolCellView.swift */; };
		02888E2F29C38D2800F4289A /* SchoolListView.swift in Sources */ = {isa = PBXBuildFile; fileRef = 02888E2C29C38D2800F4289A /* SchoolListView.swift */; };
/* End PBXBuildFile section */

/* Begin PBXContainerItemProxy section */
		026BC5E429C35CFF0077E240 /* PBXContainerItemProxy */ = {
			isa = PBXContainerItemProxy;
			containerPortal = 026BC5CB29C35CFD0077E240 /* Project object */;
			proxyType = 1;
			remoteGlobalIDString = 026BC5D229C35CFD0077E240;
			remoteInfo = NYCSchools;
		};
		026BC5EE29C35CFF0077E240 /* PBXContainerItemProxy */ = {
			isa = PBXContainerItemProxy;
			containerPortal = 026BC5CB29C35CFD0077E240 /* Project object */;
			proxyType = 1;
			remoteGlobalIDString = 026BC5D229C35CFD0077E240;
			remoteInfo = NYCSchools;
		};
/* End PBXContainerItemProxy section */

/* Begin PBXFileReference section */
		026BC5D329C35CFD0077E240 /* NYCSchools.app */ = {isa = PBXFileReference; explicitFileType = wrapper.application; includeInIndex = 0; path = NYCSchools.app; sourceTree = BUILT_PRODUCTS_DIR; };
		026BC5D629C35CFD0077E240 /* NYCSchoolsApp.swift */ = {isa = PBXFileReference; lastKnownFileType = sourcecode.swift; path = NYCSchoolsApp.swift; sourceTree = "<group>"; };
		026BC5DA29C35CFF0077E240 /* Assets.xcassets */ = {isa = PBXFileReference; lastKnownFileType = folder.assetcatalog; path = Assets.xcassets; sourceTree = "<group>"; };
		026BC5DD29C35CFF0077E240 /* Preview Assets.xcassets */ = {isa = PBXFileReference; lastKnownFileType = folder.assetcatalog; path = "Preview Assets.xcassets"; sourceTree = "<group>"; };
		026BC5E329C35CFF0077E240 /* NYCSchoolsTests.xctest */ = {isa = PBXFileReference; explicitFileType = wrapper.cfbundle; includeInIndex = 0; path = NYCSchoolsTests.xctest; sourceTree = BUILT_PRODUCTS_DIR; };
		026BC5ED29C35CFF0077E240 /* NYCSchoolsUITests.xctest */ = {isa = PBXFileReference; explicitFileType = wrapper.cfbundle; includeInIndex = 0; path = NYCSchoolsUITests.xctest; sourceTree = BUILT_PRODUCTS_DIR; };
		026BC60029C35DD20077E240 /* ApplicationController.swift */ = {isa = PBXFileReference; fileEncoding = 4; lastKnownFileType = sourcecode.swift; path = ApplicationController.swift; sourceTree = "<group>"; };
		026BC60229C35DE10077E240 /* NavigationContainerView.swift */ = {isa = PBXFileReference; fileEncoding = 4; lastKnownFileType = sourcecode.swift; path = NavigationContainerView.swift; sourceTree = "<group>"; };
		02888E1529C38D0500F4289A /* Box.swift */ = {isa = PBXFileReference; fileEncoding = 4; lastKnownFileType = sourcecode.swift; path = Box.swift; sourceTree = "<group>"; };
		02888E1629C38D0500F4289A /* LoadingView.swift */ = {isa = PBXFileReference; fileEncoding = 4; lastKnownFileType = sourcecode.swift; path = LoadingView.swift; sourceTree = "<group>"; };
		02888E1A29C38D1600F4289A /* NetworkManager.swift */ = {isa = PBXFileReference; fileEncoding = 4; lastKnownFileType = sourcecode.swift; path = NetworkManager.swift; sourceTree = "<group>"; };
		02888E1B29C38D1600F4289A /* NYCSAT.swift */ = {isa = PBXFileReference; fileEncoding = 4; lastKnownFileType = sourcecode.swift; path = NYCSAT.swift; sourceTree = "<group>"; };
		02888E1C29C38D1600F4289A /* NYCSchool.swift */ = {isa = PBXFileReference; fileEncoding = 4; lastKnownFileType = sourcecode.swift; path = NYCSchool.swift; sourceTree = "<group>"; };
		02888E2129C38D1F00F4289A /* FlippableCardView.swift */ = {isa = PBXFileReference; fileEncoding = 4; lastKnownFileType = sourcecode.swift; path = FlippableCardView.swift; sourceTree = "<group>"; };
		02888E2229C38D1F00F4289A /* DetailCardBack.swift */ = {isa = PBXFileReference; fileEncoding = 4; lastKnownFileType = sourcecode.swift; path = DetailCardBack.swift; sourceTree = "<group>"; };
		02888E2329C38D1F00F4289A /* DetailCardFront.swift */ = {isa = PBXFileReference; fileEncoding = 4; lastKnownFileType = sourcecode.swift; path = DetailCardFront.swift; sourceTree = "<group>"; };
		02888E2429C38D1F00F4289A /* SATScoresView.swift */ = {isa = PBXFileReference; fileEncoding = 4; lastKnownFileType = sourcecode.swift; path = SATScoresView.swift; sourceTree = "<group>"; };
		02888E2A29C38D2800F4289A /* SchoolListViewModel.swift */ = {isa = PBXFileReference; fileEncoding = 4; lastKnownFileType = sourcecode.swift; path = SchoolListViewModel.swift; sourceTree = "<group>"; };
		02888E2B29C38D2800F4289A /* SchoolCellView.swift */ = {isa = PBXFileReference; fileEncoding = 4; lastKnownFileType = sourcecode.swift; path = SchoolCellView.swift; sourceTree = "<group>"; };
		02888E2C29C38D2800F4289A /* SchoolListView.swift */ = {isa = PBXFileReference; fileEncoding = 4; lastKnownFileType = sourcecode.swift; path = SchoolListView.swift; sourceTree = "<group>"; };
		02888EBE29CCA9B900F4289A /* NYCSchoolsTests-Bridging-Header.h */ = {isa = PBXFileReference; lastKnownFileType = sourcecode.c.h; path = "NYCSchoolsTests-Bridging-Header.h"; sourceTree = "<group>"; };
/* End PBXFileReference section */

/* Begin PBXFrameworksBuildPhase section */
		026BC5D029C35CFD0077E240 /* Frameworks */ = {
			isa = PBXFrameworksBuildPhase;
			buildActionMask = 2147483647;
			files = (
			);
			runOnlyForDeploymentPostprocessing = 0;
		};
		026BC5E029C35CFF0077E240 /* Frameworks */ = {
			isa = PBXFrameworksBuildPhase;
			buildActionMask = 2147483647;
			files = (
			);
			runOnlyForDeploymentPostprocessing = 0;
		};
		026BC5EA29C35CFF0077E240 /* Frameworks */ = {
			isa = PBXFrameworksBuildPhase;
			buildActionMask = 2147483647;
			files = (
			);
			runOnlyForDeploymentPostprocessing = 0;
		};
/* End PBXFrameworksBuildPhase section */

/* Begin PBXGroup section */
		026BC5CA29C35CFD0077E240 = {
			isa = PBXGroup;
			children = (
				02888E1929C38D1600F4289A /* Network */,
				02888E3029C38E0D00F4289A /* Model */,
				02888E2929C38D2800F4289A /* School List View */,
				02888E2029C38D1F00F4289A /* School Detail */,
				02888E1429C38D0500F4289A /* Generic */,
				026BC5D529C35CFD0077E240 /* NYCSchools */,
				026BC5D429C35CFD0077E240 /* Products */,
				02888EBE29CCA9B900F4289A /* NYCSchoolsTests-Bridging-Header.h */,
			);
			sourceTree = "<group>";
		};
		026BC5D429C35CFD0077E240 /* Products */ = {
			isa = PBXGroup;
			children = (
				026BC5D329C35CFD0077E240 /* NYCSchools.app */,
				026BC5E329C35CFF0077E240 /* NYCSchoolsTests.xctest */,
				026BC5ED29C35CFF0077E240 /* NYCSchoolsUITests.xctest */,
			);
			name = Products;
			sourceTree = "<group>";
		};
		026BC5D529C35CFD0077E240 /* NYCSchools */ = {
			isa = PBXGroup;
			children = (
				026BC5D629C35CFD0077E240 /* NYCSchoolsApp.swift */,
				026BC60029C35DD20077E240 /* ApplicationController.swift */,
				026BC60229C35DE10077E240 /* NavigationContainerView.swift */,
				026BC5DA29C35CFF0077E240 /* Assets.xcassets */,
				026BC5DC29C35CFF0077E240 /* Preview Content */,
			);
			path = NYCSchools;
			sourceTree = "<group>";
		};
		026BC5DC29C35CFF0077E240 /* Preview Content */ = {
			isa = PBXGroup;
			children = (
				026BC5DD29C35CFF0077E240 /* Preview Assets.xcassets */,
			);
			path = "Preview Content";
			sourceTree = "<group>";
		};
		02888E1429C38D0500F4289A /* Generic */ = {
			isa = PBXGroup;
			children = (
				02888E1529C38D0500F4289A /* Box.swift */,
				02888E1629C38D0500F4289A /* LoadingView.swift */,
			);
			path = Generic;
			sourceTree = "<group>";
		};
		02888E1929C38D1600F4289A /* Network */ = {
			isa = PBXGroup;
			children = (
				02888E1A29C38D1600F4289A /* NetworkManager.swift */,
			);
			path = Network;
			sourceTree = "<group>";
		};
		02888E2029C38D1F00F4289A /* School Detail */ = {
			isa = PBXGroup;
			children = (
				02888E2129C38D1F00F4289A /* FlippableCardView.swift */,
				02888E2229C38D1F00F4289A /* DetailCardBack.swift */,
				02888E2329C38D1F00F4289A /* DetailCardFront.swift */,
				02888E2429C38D1F00F4289A /* SATScoresView.swift */,
			);
			path = "School Detail";
			sourceTree = "<group>";
		};
		02888E2929C38D2800F4289A /* School List View */ = {
			isa = PBXGroup;
			children = (
				02888E2A29C38D2800F4289A /* SchoolListViewModel.swift */,
				02888E2B29C38D2800F4289A /* SchoolCellView.swift */,
				02888E2C29C38D2800F4289A /* SchoolListView.swift */,
			);
			path = "School List View";
			sourceTree = "<group>";
		};
		02888E3029C38E0D00F4289A /* Model */ = {
			isa = PBXGroup;
			children = (
				02888E1C29C38D1600F4289A /* NYCSchool.swift */,
				02888E1B29C38D1600F4289A /* NYCSAT.swift */,
			);
			path = Model;
			sourceTree = "<group>";
		};
/* End PBXGroup section */

/* Begin PBXNativeTarget section */
		026BC5D229C35CFD0077E240 /* NYCSchools */ = {
			isa = PBXNativeTarget;
			buildConfigurationList = 026BC5F729C35CFF0077E240 /* Build configuration list for PBXNativeTarget "NYCSchools" */;
			buildPhases = (
				026BC5CF29C35CFD0077E240 /* Sources */,
				026BC5D029C35CFD0077E240 /* Frameworks */,
				026BC5D129C35CFD0077E240 /* Resources */,
			);
			buildRules = (
			);
			dependencies = (
			);
			name = NYCSchools;
			productName = NYCSchools;
			productReference = 026BC5D329C35CFD0077E240 /* NYCSchools.app */;
			productType = "com.apple.product-type.application";
		};
		026BC5E229C35CFF0077E240 /* NYCSchoolsTests */ = {
			isa = PBXNativeTarget;
			buildConfigurationList = 026BC5FA29C35CFF0077E240 /* Build configuration list for PBXNativeTarget "NYCSchoolsTests" */;
			buildPhases = (
				026BC5DF29C35CFF0077E240 /* Sources */,
				026BC5E029C35CFF0077E240 /* Frameworks */,
				026BC5E129C35CFF0077E240 /* Resources */,
			);
			buildRules = (
			);
			dependencies = (
				026BC5E529C35CFF0077E240 /* PBXTargetDependency */,
			);
			name = NYCSchoolsTests;
			productName = NYCSchoolsTests;
			productReference = 026BC5E329C35CFF0077E240 /* NYCSchoolsTests.xctest */;
			productType = "com.apple.product-type.bundle.unit-test";
		};
		026BC5EC29C35CFF0077E240 /* NYCSchoolsUITests */ = {
			isa = PBXNativeTarget;
			buildConfigurationList = 026BC5FD29C35CFF0077E240 /* Build configuration list for PBXNativeTarget "NYCSchoolsUITests" */;
			buildPhases = (
				026BC5E929C35CFF0077E240 /* Sources */,
				026BC5EA29C35CFF0077E240 /* Frameworks */,
				026BC5EB29C35CFF0077E240 /* Resources */,
			);
			buildRules = (
			);
			dependencies = (
				026BC5EF29C35CFF0077E240 /* PBXTargetDependency */,
			);
			name = NYCSchoolsUITests;
			productName = NYCSchoolsUITests;
			productReference = 026BC5ED29C35CFF0077E240 /* NYCSchoolsUITests.xctest */;
			productType = "com.apple.product-type.bundle.ui-testing";
		};
/* End PBXNativeTarget section */

/* Begin PBXProject section */
		026BC5CB29C35CFD0077E240 /* Project object */ = {
			isa = PBXProject;
			attributes = {
				BuildIndependentTargetsInParallel = 1;
				LastSwiftUpdateCheck = 1420;
				LastUpgradeCheck = 1420;
				TargetAttributes = {
					026BC5D229C35CFD0077E240 = {
						CreatedOnToolsVersion = 14.2;
					};
					026BC5E229C35CFF0077E240 = {
						CreatedOnToolsVersion = 14.2;
						LastSwiftMigration = 1420;
						TestTargetID = 026BC5D229C35CFD0077E240;
					};
					026BC5EC29C35CFF0077E240 = {
						CreatedOnToolsVersion = 14.2;
						TestTargetID = 026BC5D229C35CFD0077E240;
					};
				};
			};
			buildConfigurationList = 026BC5CE29C35CFD0077E240 /* Build configuration list for PBXProject "NYCSchools" */;
			compatibilityVersion = "Xcode 14.0";
			developmentRegion = en;
			hasScannedForEncodings = 0;
			knownRegions = (
				en,
				Base,
			);
			mainGroup = 026BC5CA29C35CFD0077E240;
			productRefGroup = 026BC5D429C35CFD0077E240 /* Products */;
			projectDirPath = "";
			projectRoot = "";
			targets = (
				026BC5D229C35CFD0077E240 /* NYCSchools */,
				026BC5E229C35CFF0077E240 /* NYCSchoolsTests */,
				026BC5EC29C35CFF0077E240 /* NYCSchoolsUITests */,
			);
		};
/* End PBXProject section */

/* Begin PBXResourcesBuildPhase section */
		026BC5D129C35CFD0077E240 /* Resources */ = {
			isa = PBXResourcesBuildPhase;
			buildActionMask = 2147483647;
			files = (
				026BC5DE29C35CFF0077E240 /* Preview Assets.xcassets in Resources */,
				026BC5DB29C35CFF0077E240 /* Assets.xcassets in Resources */,
			);
			runOnlyForDeploymentPostprocessing = 0;
		};
		026BC5E129C35CFF0077E240 /* Resources */ = {
			isa = PBXResourcesBuildPhase;
			buildActionMask = 2147483647;
			files = (
			);
			runOnlyForDeploymentPostprocessing = 0;
		};
		026BC5EB29C35CFF0077E240 /* Resources */ = {
			isa = PBXResourcesBuildPhase;
			buildActionMask = 2147483647;
			files = (
			);
			runOnlyForDeploymentPostprocessing = 0;
		};
/* End PBXResourcesBuildPhase section */

/* Begin PBXSourcesBuildPhase section */
		026BC5CF29C35CFD0077E240 /* Sources */ = {
			isa = PBXSourcesBuildPhase;
			buildActionMask = 2147483647;
			files = (
				026BC60129C35DD20077E240 /* ApplicationController.swift in Sources */,
				02888E1E29C38D1600F4289A /* NYCSAT.swift in Sources */,
				02888E2D29C38D2800F4289A /* SchoolListViewModel.swift in Sources */,
				02888E2629C38D1F00F4289A /* DetailCardBack.swift in Sources */,
				02888E2529C38D1F00F4289A /* FlippableCardView.swift in Sources */,
				02888E2E29C38D2800F4289A /* SchoolCellView.swift in Sources */,
				026BC60329C35DE10077E240 /* NavigationContainerView.swift in Sources */,
				02888E2829C38D1F00F4289A /* SATScoresView.swift in Sources */,
				02888E1D29C38D1600F4289A /* NetworkManager.swift in Sources */,
				026BC5D729C35CFD0077E240 /* NYCSchoolsApp.swift in Sources */,
				02888E1729C38D0500F4289A /* Box.swift in Sources */,
				02888E1F29C38D1600F4289A /* NYCSchool.swift in Sources */,
				02888E2729C38D1F00F4289A /* DetailCardFront.swift in Sources */,
				02888E2F29C38D2800F4289A /* SchoolListView.swift in Sources */,
				02888E1829C38D0500F4289A /* LoadingView.swift in Sources */,
			);
			runOnlyForDeploymentPostprocessing = 0;
		};
		026BC5DF29C35CFF0077E240 /* Sources */ = {
			isa = PBXSourcesBuildPhase;
			buildActionMask = 2147483647;
			files = (
			);
			runOnlyForDeploymentPostprocessing = 0;
		};
		026BC5E929C35CFF0077E240 /* Sources */ = {
			isa = PBXSourcesBuildPhase;
			buildActionMask = 2147483647;
			files = (
			);
			runOnlyForDeploymentPostprocessing = 0;
		};
/* End PBXSourcesBuildPhase section */

/* Begin PBXTargetDependency section */
		026BC5E529C35CFF0077E240 /* PBXTargetDependency */ = {
			isa = PBXTargetDependency;
			target = 026BC5D229C35CFD0077E240 /* NYCSchools */;
			targetProxy = 026BC5E429C35CFF0077E240 /* PBXContainerItemProxy */;
		};
		026BC5EF29C35CFF0077E240 /* PBXTargetDependency */ = {
			isa = PBXTargetDependency;
			target = 026BC5D229C35CFD0077E240 /* NYCSchools */;
			targetProxy = 026BC5EE29C35CFF0077E240 /* PBXContainerItemProxy */;
		};
/* End PBXTargetDependency section */

/* Begin XCBuildConfiguration section */
		026BC5F529C35CFF0077E240 /* Debug */ = {
			isa = XCBuildConfiguration;
			buildSettings = {
				ALWAYS_SEARCH_USER_PATHS = NO;
				CLANG_ANALYZER_NONNULL = YES;
				CLANG_ANALYZER_NUMBER_OBJECT_CONVERSION = YES_AGGRESSIVE;
				CLANG_CXX_LANGUAGE_STANDARD = "gnu++20";
				CLANG_ENABLE_MODULES = YES;
				CLANG_ENABLE_OBJC_ARC = YES;
				CLANG_ENABLE_OBJC_WEAK = YES;
				CLANG_WARN_BLOCK_CAPTURE_AUTORELEASING = YES;
				CLANG_WARN_BOOL_CONVERSION = YES;
				CLANG_WARN_COMMA = YES;
				CLANG_WARN_CONSTANT_CONVERSION = YES;
				CLANG_WARN_DEPRECATED_OBJC_IMPLEMENTATIONS = YES;
				CLANG_WARN_DIRECT_OBJC_ISA_USAGE = YES_ERROR;
				CLANG_WARN_DOCUMENTATION_COMMENTS = YES;
				CLANG_WARN_EMPTY_BODY = YES;
				CLANG_WARN_ENUM_CONVERSION = YES;
				CLANG_WARN_INFINITE_RECURSION = YES;
				CLANG_WARN_INT_CONVERSION = YES;
				CLANG_WARN_NON_LITERAL_NULL_CONVERSION = YES;
				CLANG_WARN_OBJC_IMPLICIT_RETAIN_SELF = YES;
				CLANG_WARN_OBJC_LITERAL_CONVERSION = YES;
				CLANG_WARN_OBJC_ROOT_CLASS = YES_ERROR;
				CLANG_WARN_QUOTED_INCLUDE_IN_FRAMEWORK_HEADER = YES;
				CLANG_WARN_RANGE_LOOP_ANALYSIS = YES;
				CLANG_WARN_STRICT_PROTOTYPES = YES;
				CLANG_WARN_SUSPICIOUS_MOVE = YES;
				CLANG_WARN_UNGUARDED_AVAILABILITY = YES_AGGRESSIVE;
				CLANG_WARN_UNREACHABLE_CODE = YES;
				CLANG_WARN__DUPLICATE_METHOD_MATCH = YES;
				COPY_PHASE_STRIP = NO;
				DEBUG_INFORMATION_FORMAT = dwarf;
				ENABLE_STRICT_OBJC_MSGSEND = YES;
				ENABLE_TESTABILITY = YES;
				GCC_C_LANGUAGE_STANDARD = gnu11;
				GCC_DYNAMIC_NO_PIC = NO;
				GCC_NO_COMMON_BLOCKS = YES;
				GCC_OPTIMIZATION_LEVEL = 0;
				GCC_PREPROCESSOR_DEFINITIONS = (
					"DEBUG=1",
					"$(inherited)",
				);
				GCC_WARN_64_TO_32_BIT_CONVERSION = YES;
				GCC_WARN_ABOUT_RETURN_TYPE = YES_ERROR;
				GCC_WARN_UNDECLARED_SELECTOR = YES;
				GCC_WARN_UNINITIALIZED_AUTOS = YES_AGGRESSIVE;
				GCC_WARN_UNUSED_FUNCTION = YES;
				GCC_WARN_UNUSED_VARIABLE = YES;
				IPHONEOS_DEPLOYMENT_TARGET = 16.2;
				MTL_ENABLE_DEBUG_INFO = INCLUDE_SOURCE;
				MTL_FAST_MATH = YES;
				ONLY_ACTIVE_ARCH = YES;
				SDKROOT = iphoneos;
				SWIFT_ACTIVE_COMPILATION_CONDITIONS = DEBUG;
				SWIFT_OPTIMIZATION_LEVEL = "-Onone";
			};
			name = Debug;
		};
		026BC5F629C35CFF0077E240 /* Release */ = {
			isa = XCBuildConfiguration;
			buildSettings = {
				ALWAYS_SEARCH_USER_PATHS = NO;
				CLANG_ANALYZER_NONNULL = YES;
				CLANG_ANALYZER_NUMBER_OBJECT_CONVERSION = YES_AGGRESSIVE;
				CLANG_CXX_LANGUAGE_STANDARD = "gnu++20";
				CLANG_ENABLE_MODULES = YES;
				CLANG_ENABLE_OBJC_ARC = YES;
				CLANG_ENABLE_OBJC_WEAK = YES;
				CLANG_WARN_BLOCK_CAPTURE_AUTORELEASING = YES;
				CLANG_WARN_BOOL_CONVERSION = YES;
				CLANG_WARN_COMMA = YES;
				CLANG_WARN_CONSTANT_CONVERSION = YES;
				CLANG_WARN_DEPRECATED_OBJC_IMPLEMENTATIONS = YES;
				CLANG_WARN_DIRECT_OBJC_ISA_USAGE = YES_ERROR;
				CLANG_WARN_DOCUMENTATION_COMMENTS = YES;
				CLANG_WARN_EMPTY_BODY = YES;
				CLANG_WARN_ENUM_CONVERSION = YES;
				CLANG_WARN_INFINITE_RECURSION = YES;
				CLANG_WARN_INT_CONVERSION = YES;
				CLANG_WARN_NON_LITERAL_NULL_CONVERSION = YES;
				CLANG_WARN_OBJC_IMPLICIT_RETAIN_SELF = YES;
				CLANG_WARN_OBJC_LITERAL_CONVERSION = YES;
				CLANG_WARN_OBJC_ROOT_CLASS = YES_ERROR;
				CLANG_WARN_QUOTED_INCLUDE_IN_FRAMEWORK_HEADER = YES;
				CLANG_WARN_RANGE_LOOP_ANALYSIS = YES;
				CLANG_WARN_STRICT_PROTOTYPES = YES;
				CLANG_WARN_SUSPICIOUS_MOVE = YES;
				CLANG_WARN_UNGUARDED_AVAILABILITY = YES_AGGRESSIVE;
				CLANG_WARN_UNREACHABLE_CODE = YES;
				CLANG_WARN__DUPLICATE_METHOD_MATCH = YES;
				COPY_PHASE_STRIP = NO;
				DEBUG_INFORMATION_FORMAT = "dwarf-with-dsym";
				ENABLE_NS_ASSERTIONS = NO;
				ENABLE_STRICT_OBJC_MSGSEND = YES;
				GCC_C_LANGUAGE_STANDARD = gnu11;
				GCC_NO_COMMON_BLOCKS = YES;
				GCC_WARN_64_TO_32_BIT_CONVERSION = YES;
				GCC_WARN_ABOUT_RETURN_TYPE = YES_ERROR;
				GCC_WARN_UNDECLARED_SELECTOR = YES;
				GCC_WARN_UNINITIALIZED_AUTOS = YES_AGGRESSIVE;
				GCC_WARN_UNUSED_FUNCTION = YES;
				GCC_WARN_UNUSED_VARIABLE = YES;
				IPHONEOS_DEPLOYMENT_TARGET = 16.2;
				MTL_ENABLE_DEBUG_INFO = NO;
				MTL_FAST_MATH = YES;
				SDKROOT = iphoneos;
				SWIFT_COMPILATION_MODE = wholemodule;
				SWIFT_OPTIMIZATION_LEVEL = "-O";
				VALIDATE_PRODUCT = YES;
			};
			name = Release;
		};
		026BC5F829C35CFF0077E240 /* Debug */ = {
			isa = XCBuildConfiguration;
			buildSettings = {
				ASSETCATALOG_COMPILER_APPICON_NAME = AppIcon;
				ASSETCATALOG_COMPILER_GLOBAL_ACCENT_COLOR_NAME = AccentColor;
				CODE_SIGN_STYLE = Automatic;
				CURRENT_PROJECT_VERSION = 1;
				DEVELOPMENT_ASSET_PATHS = "\"NYCSchools/Preview Content\"";
				DEVELOPMENT_TEAM = YB67V66299;
				ENABLE_PREVIEWS = YES;
				GENERATE_INFOPLIST_FILE = YES;
				INFOPLIST_KEY_UIApplicationSceneManifest_Generation = YES;
				INFOPLIST_KEY_UIApplicationSupportsIndirectInputEvents = YES;
				INFOPLIST_KEY_UILaunchScreen_Generation = YES;
				INFOPLIST_KEY_UISupportedInterfaceOrientations_iPad = "UIInterfaceOrientationPortrait UIInterfaceOrientationPortraitUpsideDown UIInterfaceOrientationLandscapeLeft UIInterfaceOrientationLandscapeRight";
				INFOPLIST_KEY_UISupportedInterfaceOrientations_iPhone = "UIInterfaceOrientationPortrait UIInterfaceOrientationLandscapeLeft UIInterfaceOrientationLandscapeRight";
				LD_RUNPATH_SEARCH_PATHS = (
					"$(inherited)",
					"@executable_path/Frameworks",
				);
				MARKETING_VERSION = 1.0;
				PRODUCT_BUNDLE_IDENTIFIER = com.raywenderlich.NYCSchools;
				PRODUCT_NAME = "$(TARGET_NAME)";
				SWIFT_EMIT_LOC_STRINGS = YES;
				SWIFT_VERSION = 5.0;
				TARGETED_DEVICE_FAMILY = "1,2";
			};
			name = Debug;
		};
		026BC5F929C35CFF0077E240 /* Release */ = {
			isa = XCBuildConfiguration;
			buildSettings = {
				ASSETCATALOG_COMPILER_APPICON_NAME = AppIcon;
				ASSETCATALOG_COMPILER_GLOBAL_ACCENT_COLOR_NAME = AccentColor;
				CODE_SIGN_STYLE = Automatic;
				CURRENT_PROJECT_VERSION = 1;
				DEVELOPMENT_ASSET_PATHS = "\"NYCSchools/Preview Content\"";
				DEVELOPMENT_TEAM = YB67V66299;
				ENABLE_PREVIEWS = YES;
				GENERATE_INFOPLIST_FILE = YES;
				INFOPLIST_KEY_UIApplicationSceneManifest_Generation = YES;
				INFOPLIST_KEY_UIApplicationSupportsIndirectInputEvents = YES;
				INFOPLIST_KEY_UILaunchScreen_Generation = YES;
				INFOPLIST_KEY_UISupportedInterfaceOrientations_iPad = "UIInterfaceOrientationPortrait UIInterfaceOrientationPortraitUpsideDown UIInterfaceOrientationLandscapeLeft UIInterfaceOrientationLandscapeRight";
				INFOPLIST_KEY_UISupportedInterfaceOrientations_iPhone = "UIInterfaceOrientationPortrait UIInterfaceOrientationLandscapeLeft UIInterfaceOrientationLandscapeRight";
				LD_RUNPATH_SEARCH_PATHS = (
					"$(inherited)",
					"@executable_path/Frameworks",
				);
				MARKETING_VERSION = 1.0;
				PRODUCT_BUNDLE_IDENTIFIER = com.raywenderlich.NYCSchools;
				PRODUCT_NAME = "$(TARGET_NAME)";
				SWIFT_EMIT_LOC_STRINGS = YES;
				SWIFT_VERSION = 5.0;
				TARGETED_DEVICE_FAMILY = "1,2";
			};
			name = Release;
		};
		026BC5FB29C35CFF0077E240 /* Debug */ = {
			isa = XCBuildConfiguration;
			buildSettings = {
				ALWAYS_EMBED_SWIFT_STANDARD_LIBRARIES = YES;
				BUNDLE_LOADER = "$(TEST_HOST)";
				CLANG_ENABLE_MODULES = YES;
				CODE_SIGN_STYLE = Automatic;
				CURRENT_PROJECT_VERSION = 1;
				DEVELOPMENT_TEAM = YB67V66299;
				GENERATE_INFOPLIST_FILE = YES;
				IPHONEOS_DEPLOYMENT_TARGET = 16.2;
				LD_RUNPATH_SEARCH_PATHS = (
					"$(inherited)",
					"@executable_path/Frameworks",
					"@loader_path/Frameworks",
				);
				MARKETING_VERSION = 1.0;
				PRODUCT_BUNDLE_IDENTIFIER = com.raywenderlich.NYCSchoolsTests;
				PRODUCT_NAME = "$(TARGET_NAME)";
				SWIFT_EMIT_LOC_STRINGS = NO;
				SWIFT_OBJC_BRIDGING_HEADER = "NYCSchoolsTests-Bridging-Header.h";
				SWIFT_OPTIMIZATION_LEVEL = "-Onone";
				SWIFT_VERSION = 5.0;
				TARGETED_DEVICE_FAMILY = "1,2";
				TEST_HOST = "$(BUILT_PRODUCTS_DIR)/NYCSchools.app/$(BUNDLE_EXECUTABLE_FOLDER_PATH)/NYCSchools";
			};
			name = Debug;
		};
		026BC5FC29C35CFF0077E240 /* Release */ = {
			isa = XCBuildConfiguration;
			buildSettings = {
				ALWAYS_EMBED_SWIFT_STANDARD_LIBRARIES = YES;
				BUNDLE_LOADER = "$(TEST_HOST)";
				CLANG_ENABLE_MODULES = YES;
				CODE_SIGN_STYLE = Automatic;
				CURRENT_PROJECT_VERSION = 1;
				DEVELOPMENT_TEAM = YB67V66299;
				GENERATE_INFOPLIST_FILE = YES;
				IPHONEOS_DEPLOYMENT_TARGET = 16.2;
				LD_RUNPATH_SEARCH_PATHS = (
					"$(inherited)",
					"@executable_path/Frameworks",
					"@loader_path/Frameworks",
				);
				MARKETING_VERSION = 1.0;
				PRODUCT_BUNDLE_IDENTIFIER = com.raywenderlich.NYCSchoolsTests;
				PRODUCT_NAME = "$(TARGET_NAME)";
				SWIFT_EMIT_LOC_STRINGS = NO;
				SWIFT_OBJC_BRIDGING_HEADER = "NYCSchoolsTests-Bridging-Header.h";
				SWIFT_VERSION = 5.0;
				TARGETED_DEVICE_FAMILY = "1,2";
				TEST_HOST = "$(BUILT_PRODUCTS_DIR)/NYCSchools.app/$(BUNDLE_EXECUTABLE_FOLDER_PATH)/NYCSchools";
			};
			name = Release;
		};
		026BC5FE29C35CFF0077E240 /* Debug */ = {
			isa = XCBuildConfiguration;
			buildSettings = {
				ALWAYS_EMBED_SWIFT_STANDARD_LIBRARIES = YES;
				CODE_SIGN_STYLE = Automatic;
				CURRENT_PROJECT_VERSION = 1;
				DEVELOPMENT_TEAM = YB67V66299;
				GENERATE_INFOPLIST_FILE = YES;
				MARKETING_VERSION = 1.0;
				PRODUCT_BUNDLE_IDENTIFIER = com.raywenderlich.NYCSchoolsUITests;
				PRODUCT_NAME = "$(TARGET_NAME)";
				SWIFT_EMIT_LOC_STRINGS = NO;
				SWIFT_VERSION = 5.0;
				TARGETED_DEVICE_FAMILY = "1,2";
				TEST_TARGET_NAME = NYCSchools;
			};
			name = Debug;
		};
		026BC5FF29C35CFF0077E240 /* Release */ = {
			isa = XCBuildConfiguration;
			buildSettings = {
				ALWAYS_EMBED_SWIFT_STANDARD_LIBRARIES = YES;
				CODE_SIGN_STYLE = Automatic;
				CURRENT_PROJECT_VERSION = 1;
				DEVELOPMENT_TEAM = YB67V66299;
				GENERATE_INFOPLIST_FILE = YES;
				MARKETING_VERSION = 1.0;
				PRODUCT_BUNDLE_IDENTIFIER = com.raywenderlich.NYCSchoolsUITests;
				PRODUCT_NAME = "$(TARGET_NAME)";
				SWIFT_EMIT_LOC_STRINGS = NO;
				SWIFT_VERSION = 5.0;
				TARGETED_DEVICE_FAMILY = "1,2";
				TEST_TARGET_NAME = NYCSchools;
			};
			name = Release;
		};
/* End XCBuildConfiguration section */

/* Begin XCConfigurationList section */
		026BC5CE29C35CFD0077E240 /* Build configuration list for PBXProject "NYCSchools" */ = {
			isa = XCConfigurationList;
			buildConfigurations = (
				026BC5F529C35CFF0077E240 /* Debug */,
				026BC5F629C35CFF0077E240 /* Release */,
			);
			defaultConfigurationIsVisible = 0;
			defaultConfigurationName = Release;
		};
		026BC5F729C35CFF0077E240 /* Build configuration list for PBXNativeTarget "NYCSchools" */ = {
			isa = XCConfigurationList;
			buildConfigurations = (
				026BC5F829C35CFF0077E240 /* Debug */,
				026BC5F929C35CFF0077E240 /* Release */,
			);
			defaultConfigurationIsVisible = 0;
			defaultConfigurationName = Release;
		};
		026BC5FA29C35CFF0077E240 /* Build configuration list for PBXNativeTarget "NYCSchoolsTests" */ = {
			isa = XCConfigurationList;
			buildConfigurations = (
				026BC5FB29C35CFF0077E240 /* Debug */,
				026BC5FC29C35CFF0077E240 /* Release */,
			);
			defaultConfigurationIsVisible = 0;
			defaultConfigurationName = Release;
		};
		026BC5FD29C35CFF0077E240 /* Build configuration list for PBXNativeTarget "NYCSchoolsUITests" */ = {
			isa = XCConfigurationList;
			buildConfigurations = (
				026BC5FE29C35CFF0077E240 /* Debug */,
				026BC5FF29C35CFF0077E240 /* Release */,
			);
			defaultConfigurationIsVisible = 0;
			defaultConfigurationName = Release;
		};
/* End XCConfigurationList section */
	};
	rootObject = 026BC5CB29C35CFD0077E240 /* Project object */;
}
